{
  "name": "insert-interleaving",
  "version": "0.0.1",
  "lockfileVersion": 1,
  "requires": true,
  "dependencies": {
    "lodash.merge": {
      "version": "4.6.1",
      "resolved": "https://registry.npmjs.org/lodash.merge/-/lodash.merge-4.6.1.tgz",
      "integrity": "sha512-AOYza4+Hf5z1/0Hztxpm2/xiPZgi/cjMqdnKTUWTBSKchJlxXXuUSxCCl8rJlf4g6yww/j6mA8nC8Hw/EZWxKQ=="
    },
    "lseqtree": {
      "version": "1.0.0",
      "resolved": "https://registry.npmjs.org/lseqtree/-/lseqtree-1.0.0.tgz",
      "integrity": "sha512-0E+mQWhZzpUddoSa1Ub9qQaNfhEHf8RuVQHda3c5EEG4xdi/wYLk2cZwXn9VmV3kocOw7UoYBXx2IqRiB6QFig==",
      "requires": {
        "BigInt": "5.5.3",
        "lodash": "4.17.4"
      },
      "dependencies": {
        "BigInt": {
          "version": "5.5.3",
          "bundled": true
        },
        "lodash": {
          "version": "4.17.4",
          "bundled": true
        }
      }
    }
  }
}
